<?xml version="1.0" encoding="utf-8"?>
<Project ToolsVersion="4.0" xmlns="http://schemas.microsoft.com/developer/msbuild/2003">
  <ItemGroup>
    <ClCompile Include="pch.cpp" />
    <ClCompile Include="Program.cpp" />
    <ClCompile Include="..\..\libs\imgui\imgui.cpp">
      <Filter>External Libraries\imgui</Filter>
    </ClCompile>
    <ClCompile Include="..\..\libs\imgui\imgui_draw.cpp">
      <Filter>External Libraries\imgui</Filter>
    </ClCompile>
    <ClCompile Include="..\..\libs\imgui\imgui_impl_dx11.cpp">
      <Filter>External Libraries\imgui</Filter>
    </ClCompile>
    <ClCompile Include="..\..\libs\imgui\imgui_impl_win32.cpp">
      <Filter>External Libraries\imgui</Filter>
    </ClCompile>
    <ClCompile Include="..\..\libs\imgui\imgui_tables.cpp">
      <Filter>External Libraries\imgui</Filter>
    </ClCompile>
    <ClCompile Include="..\..\libs\imgui\imgui_widgets.cpp">
      <Filter>External Libraries\imgui</Filter>
    </ClCompile>
  </ItemGroup>
  <ItemGroup>
    <ClInclude Include="pch.h" />
    <ClInclude Include="..\..\libs\imgui\imconfig.h">
      <Filter>External Libraries\imgui</Filter>
    </ClInclude>
    <ClInclude Include="..\..\libs\imgui\imgui.h">
      <Filter>External Libraries\imgui</Filter>
    </ClInclude>
    <ClInclude Include="..\..\libs\imgui\imgui_impl_dx11.h">
      <Filter>External Libraries\imgui</Filter>
    </ClInclude>
    <ClInclude Include="..\..\libs\imgui\imgui_impl_win32.h">
      <Filter>External Libraries\imgui</Filter>
    </ClInclude>
    <ClInclude Include="..\..\libs\imgui\imgui_internal.h">
      <Filter>External Libraries\imgui</Filter>
    </ClInclude>
    <ClInclude Include="..\..\libs\imgui\imstb_rectpack.h">
      <Filter>External Libraries\imgui</Filter>
    </ClInclude>
    <ClInclude Include="..\..\libs\imgui\imstb_textedit.h">
      <Filter>External Libraries\imgui</Filter>
    </ClInclude>
    <ClInclude Include="..\..\libs\imgui\imstb_truetype.h">
      <Filter>External Libraries\imgui</Filter>
    </ClInclude>
  </ItemGroup>
  <ItemGroup>
    <Filter Include="External Libraries">
      <UniqueIdentifier>{a70ad99c-574b-48e5-88dc-e27b006ec659}</UniqueIdentifier>
    </Filter>
    <Filter Include="External Libraries\imgui">
      <UniqueIdentifier>{c7a8057e-8519-40ed-8b0d-4f513fa7d93a}</UniqueIdentifier>
    </Filter>
    <Filter Include="Shaders">
      <UniqueIdentifier>{4dc2a9c5-bcda-4b8c-b0c1-cfb6d23276f1}</UniqueIdentifier>
    </Filter>
    <Filter Include="Resources">
      <UniqueIdentifier>{b5065991-06dc-4921-80e1-1fc7241cb4c5}</UniqueIdentifier>
    </Filter>
  </ItemGroup>
  <ItemGroup>
    <FxCompile Include="simplequad_ps.hlsl">
      <Filter>Shaders</Filter>
    </FxCompile>
    <FxCompile Include="simplequad_vs.hlsl">
      <Filter>Shaders</Filter>
    </FxCompile>
  </ItemGroup>
  <ItemGroup>
    <CopyFileToFolders Include="..\..\resources\Envisat_mosaic_May_-_November_2004.jpg">
      <Filter>Resources</Filter>
    </CopyFileToFolders>
  </ItemGroup>
</Project>