<?xml version="1.0" encoding="utf-8"?>
<Project ToolsVersion="4.0" xmlns="http://schemas.microsoft.com/developer/msbuild/2003">
  <ItemGroup>
    <ClCompile Include="$(MSBuildThisFileDirectory)Camera.cpp" />
    <ClCompile Include="$(MSBuildThisFileDirectory)vec3.cpp">
      <Filter>Containers</Filter>
    </ClCompile>
    <ClCompile Include="$(MSBuildThisFileDirectory)ThreadPool.cpp" />
    <ClCompile Include="$(MSBuildThisFileDirectory)AABB.cpp">
      <Filter>RenderObjects\BVH</Filter>
    </ClCompile>
    <ClCompile Include="$(MSBuildThisFileDirectory)BVHNode.cpp">
      <Filter>RenderObjects\BVH</Filter>
    </ClCompile>
    <ClCompile Include="$(MSBuildThisFileDirectory)Sphere.cpp">
      <Filter>RenderObjects\Primitives</Filter>
    </ClCompile>
    <ClCompile Include="$(MSBuildThisFileDirectory)ImageTexture.cpp">
      <Filter>Texture</Filter>
    </ClCompile>
    <ClCompile Include="$(MSBuildThisFileDirectory)Material_Dielectric.cpp">
      <Filter>Materials</Filter>
    </ClCompile>
    <ClCompile Include="$(MSBuildThisFileDirectory)Material_Lambertian.cpp">
      <Filter>Materials</Filter>
    </ClCompile>
    <ClCompile Include="$(MSBuildThisFileDirectory)Material_Metal.cpp">
      <Filter>Materials</Filter>
    </ClCompile>
    <ClCompile Include="$(MSBuildThisFileDirectory)Material_Light_Diffuse.cpp">
      <Filter>Materials</Filter>
    </ClCompile>
    <ClCompile Include="$(MSBuildThisFileDirectory)Rect.cpp">
      <Filter>RenderObjects\Primitives</Filter>
    </ClCompile>
    <ClCompile Include="$(MSBuildThisFileDirectory)Cuboid.cpp">
      <Filter>RenderObjects\Primitives</Filter>
    </ClCompile>
    <ClCompile Include="$(MSBuildThisFileDirectory)Translate.cpp">
      <Filter>RenderObjects\Transformations</Filter>
    </ClCompile>
    <ClCompile Include="$(MSBuildThisFileDirectory)Rotate.cpp">
      <Filter>RenderObjects\Transformations</Filter>
    </ClCompile>
    <ClCompile Include="$(MSBuildThisFileDirectory)Material_RandomScatter.cpp">
      <Filter>Materials</Filter>
    </ClCompile>
    <ClCompile Include="$(MSBuildThisFileDirectory)ConstantDensityMedium.cpp">
      <Filter>RenderObjects\Volumes</Filter>
    </ClCompile>
  </ItemGroup>
  <ItemGroup>
    <ClInclude Include="$(MSBuildThisFileDirectory)Camera.h" />
    <ClInclude Include="$(MSBuildThisFileDirectory)common.h" />
    <ClInclude Include="$(MSBuildThisFileDirectory)helper.h" />
    <ClInclude Include="$(MSBuildThisFileDirectory)IRenderObject.h">
      <Filter>RenderObjects</Filter>
    </ClInclude>
    <ClInclude Include="$(MSBuildThisFileDirectory)vec3.h">
      <Filter>Containers</Filter>
    </ClInclude>
    <ClInclude Include="$(MSBuildThisFileDirectory)Ray.h">
      <Filter>Containers</Filter>
    </ClInclude>
    <ClInclude Include="$(MSBuildThisFileDirectory)ThreadPool.h" />
    <ClInclude Include="$(MSBuildThisFileDirectory)AABB.h">
      <Filter>RenderObjects\BVH</Filter>
    </ClInclude>
    <ClInclude Include="$(MSBuildThisFileDirectory)BVHNode.h">
      <Filter>RenderObjects\BVH</Filter>
    </ClInclude>
    <ClInclude Include="$(MSBuildThisFileDirectory)Sphere.h">
      <Filter>RenderObjects\Primitives</Filter>
    </ClInclude>
    <ClInclude Include="$(MSBuildThisFileDirectory)Texture.h">
      <Filter>Texture</Filter>
    </ClInclude>
    <ClInclude Include="$(MSBuildThisFileDirectory)stb_image_read.h">
      <Filter>External Libraries</Filter>
    </ClInclude>
    <ClInclude Include="$(MSBuildThisFileDirectory)stb_image_write.h">
      <Filter>External Libraries</Filter>
    </ClInclude>
    <ClInclude Include="$(MSBuildThisFileDirectory)ImageTexture.h">
      <Filter>Texture</Filter>
    </ClInclude>
    <ClInclude Include="$(MSBuildThisFileDirectory)Material_Dielectric.h">
      <Filter>Materials</Filter>
    </ClInclude>
    <ClInclude Include="$(MSBuildThisFileDirectory)Material_Lambertian.h">
      <Filter>Materials</Filter>
    </ClInclude>
    <ClInclude Include="$(MSBuildThisFileDirectory)Material_Metal.h">
      <Filter>Materials</Filter>
    </ClInclude>
    <ClInclude Include="$(MSBuildThisFileDirectory)Material.h">
      <Filter>Materials</Filter>
    </ClInclude>
    <ClInclude Include="$(MSBuildThisFileDirectory)Material_Light_Diffuse.h">
      <Filter>Materials</Filter>
    </ClInclude>
    <ClInclude Include="$(MSBuildThisFileDirectory)Rect.h">
      <Filter>RenderObjects\Primitives</Filter>
    </ClInclude>
    <ClInclude Include="$(MSBuildThisFileDirectory)Cuboid.h">
      <Filter>RenderObjects\Primitives</Filter>
    </ClInclude>
    <ClInclude Include="$(MSBuildThisFileDirectory)Translate.h">
      <Filter>RenderObjects\Transformations</Filter>
    </ClInclude>
    <ClInclude Include="$(MSBuildThisFileDirectory)Rotate.h">
      <Filter>RenderObjects\Transformations</Filter>
    </ClInclude>
    <ClInclude Include="$(MSBuildThisFileDirectory)Material_RandomScatter.h">
      <Filter>Materials</Filter>
    </ClInclude>
    <ClInclude Include="$(MSBuildThisFileDirectory)ConstantDensityMedium.h">
      <Filter>RenderObjects\Volumes</Filter>
    </ClInclude>
  </ItemGroup>
  <ItemGroup>
    <Filter Include="RenderObjects">
      <UniqueIdentifier>{002b3d18-7d7a-44bf-95a5-ee76f171372d}</UniqueIdentifier>
    </Filter>
    <Filter Include="Containers">
      <UniqueIdentifier>{ad97c99c-ec98-4e37-9535-ce1a25976377}</UniqueIdentifier>
    </Filter>
    <Filter Include="RenderObjects\BVH">
      <UniqueIdentifier>{6a31e51a-558d-42c0-aa23-153058a65159}</UniqueIdentifier>
    </Filter>
    <Filter Include="RenderObjects\Primitives">
      <UniqueIdentifier>{d9539475-bf28-4ea8-b2c1-1dd2ee1c670b}</UniqueIdentifier>
    </Filter>
    <Filter Include="Texture">
      <UniqueIdentifier>{854f6f7e-1de9-4886-bbd5-c340a236203e}</UniqueIdentifier>
    </Filter>
    <Filter Include="External Libraries">
      <UniqueIdentifier>{52e78a28-1783-44b0-a34a-6adc20cc1f25}</UniqueIdentifier>
    </Filter>
    <Filter Include="Materials">
      <UniqueIdentifier>{629b3607-327f-4663-93f2-9752b8c457a7}</UniqueIdentifier>
    </Filter>
    <Filter Include="RenderObjects\Transformations">
      <UniqueIdentifier>{4a957228-7361-48c9-886e-9e008ccd1b99}</UniqueIdentifier>
    </Filter>
    <Filter Include="RenderObjects\Volumes">
      <UniqueIdentifier>{620955ff-481c-45b7-8802-91dfdaa6ece9}</UniqueIdentifier>
    </Filter>
  </ItemGroup>
</Project>