<?xml version="1.0" encoding="utf-8"?>
<Project ToolsVersion="4.0" xmlns="http://schemas.microsoft.com/developer/msbuild/2003">
  <ItemGroup>
    <ClCompile Include="$(MSBuildThisFileDirectory)Camera.cpp" />
    <ClCompile Include="$(MSBuildThisFileDirectory)RenderObjectList.cpp">
      <Filter>RenderObjects</Filter>
    </ClCompile>
    <ClCompile Include="$(MSBuildThisFileDirectory)Sphere.cpp">
      <Filter>RenderObjects</Filter>
    </ClCompile>
    <ClCompile Include="$(MSBuildThisFileDirectory)vec3.cpp">
      <Filter>Containers</Filter>
    </ClCompile>
  </ItemGroup>
  <ItemGroup>
    <ClInclude Include="$(MSBuildThisFileDirectory)Camera.h" />
    <ClInclude Include="$(MSBuildThisFileDirectory)common.h" />
    <ClInclude Include="$(MSBuildThisFileDirectory)helper.h" />
    <ClInclude Include="$(MSBuildThisFileDirectory)Material.h" />
    <ClInclude Include="$(MSBuildThisFileDirectory)IRenderObject.h">
      <Filter>RenderObjects</Filter>
    </ClInclude>
    <ClInclude Include="$(MSBuildThisFileDirectory)RenderObjectList.h">
      <Filter>RenderObjects</Filter>
    </ClInclude>
    <ClInclude Include="$(MSBuildThisFileDirectory)Sphere.h">
      <Filter>RenderObjects</Filter>
    </ClInclude>
    <ClInclude Include="$(MSBuildThisFileDirectory)vec3.h">
      <Filter>Containers</Filter>
    </ClInclude>
    <ClInclude Include="$(MSBuildThisFileDirectory)Ray.h">
      <Filter>Containers</Filter>
    </ClInclude>
  </ItemGroup>
  <ItemGroup>
    <Filter Include="RenderObjects">
      <UniqueIdentifier>{002b3d18-7d7a-44bf-95a5-ee76f171372d}</UniqueIdentifier>
    </Filter>
    <Filter Include="Containers">
      <UniqueIdentifier>{ad97c99c-ec98-4e37-9535-ce1a25976377}</UniqueIdentifier>
    </Filter>
  </ItemGroup>
</Project>